// !$*UTF8*$!
{
	archiveVersion = 1;
	classes = {
	};
	objectVersion = 50;
	objects = {

/* Begin PBXBuildFile section */
		C4C36A05265289D400866785 /* AppDelegate.swift in Sources */ = {isa = PBXBuildFile; fileRef = C4C36A04265289D400866785 /* AppDelegate.swift */; };
		C4C36A07265289D400866785 /* SceneDelegate.swift in Sources */ = {isa = PBXBuildFile; fileRef = C4C36A06265289D400866785 /* SceneDelegate.swift */; };
		C4C36A09265289D400866785 /* ViewController.swift in Sources */ = {isa = PBXBuildFile; fileRef = C4C36A08265289D400866785 /* ViewController.swift */; };
		C4C36A0C265289D400866785 /* Main.storyboard in Resources */ = {isa = PBXBuildFile; fileRef = C4C36A0A265289D400866785 /* Main.storyboard */; };
		C4C36A0F265289D400866785 /* CoreDataUsage.xcdatamodeld in Sources */ = {isa = PBXBuildFile; fileRef = C4C36A0D265289D400866785 /* CoreDataUsage.xcdatamodeld */; };
		C4C36A11265289D500866785 /* Assets.xcassets in Resources */ = {isa = PBXBuildFile; fileRef = C4C36A10265289D500866785 /* Assets.xcassets */; };
		C4C36A14265289D500866785 /* LaunchScreen.storyboard in Resources */ = {isa = PBXBuildFile; fileRef = C4C36A12265289D500866785 /* LaunchScreen.storyboard */; };
		C4C36A1D26528C2100866785 /* CookCreateViewController.swift in Sources */ = {isa = PBXBuildFile; fileRef = C4C36A1C26528C2100866785 /* CookCreateViewController.swift */; };
		C4C36A2026528D2B00866785 /* CustomTableViewCell.swift in Sources */ = {isa = PBXBuildFile; fileRef = C4C36A1F26528D2B00866785 /* CustomTableViewCell.swift */; };
/* End PBXBuildFile section */

/* Begin PBXFileReference section */
		C4C36A01265289D400866785 /* CoreDataUsage.app */ = {isa = PBXFileReference; explicitFileType = wrapper.application; includeInIndex = 0; path = CoreDataUsage.app; sourceTree = BUILT_PRODUCTS_DIR; };
		C4C36A04265289D400866785 /* AppDelegate.swift */ = {isa = PBXFileReference; lastKnownFileType = sourcecode.swift; path = AppDelegate.swift; sourceTree = "<group>"; };
		C4C36A06265289D400866785 /* SceneDelegate.swift */ = {isa = PBXFileReference; lastKnownFileType = sourcecode.swift; path = SceneDelegate.swift; sourceTree = "<group>"; };
		C4C36A08265289D400866785 /* ViewController.swift */ = {isa = PBXFileReference; lastKnownFileType = sourcecode.swift; path = ViewController.swift; sourceTree = "<group>"; };
		C4C36A0B265289D400866785 /* Base */ = {isa = PBXFileReference; lastKnownFileType = file.storyboard; name = Base; path = Base.lproj/Main.storyboard; sourceTree = "<group>"; };
		C4C36A0E265289D400866785 /* CoreDataUsage.xcdatamodel */ = {isa = PBXFileReference; lastKnownFileType = wrapper.xcdatamodel; path = CoreDataUsage.xcdatamodel; sourceTree = "<group>"; };
		C4C36A10265289D500866785 /* Assets.xcassets */ = {isa = PBXFileReference; lastKnownFileType = folder.assetcatalog; path = Assets.xcassets; sourceTree = "<group>"; };
		C4C36A13265289D500866785 /* Base */ = {isa = PBXFileReference; lastKnownFileType = file.storyboard; name = Base; path = Base.lproj/LaunchScreen.storyboard; sourceTree = "<group>"; };
		C4C36A15265289D500866785 /* Info.plist */ = {isa = PBXFileReference; lastKnownFileType = text.plist.xml; path = Info.plist; sourceTree = "<group>"; };
		C4C36A1C26528C2100866785 /* CookCreateViewController.swift */ = {isa = PBXFileReference; lastKnownFileType = sourcecode.swift; path = CookCreateViewController.swift; sourceTree = "<group>"; };
		C4C36A1F26528D2B00866785 /* CustomTableViewCell.swift */ = {isa = PBXFileReference; lastKnownFileType = sourcecode.swift; path = CustomTableViewCell.swift; sourceTree = "<group>"; };
/* End PBXFileReference section */

/* Begin PBXFrameworksBuildPhase section */
		C4C369FE265289D400866785 /* Frameworks */ = {
			isa = PBXFrameworksBuildPhase;
			buildActionMask = 2147483647;
			files = (
			);
			runOnlyForDeploymentPostprocessing = 0;
		};
/* End PBXFrameworksBuildPhase section */

/* Begin PBXGroup section */
		C4C369F8265289D400866785 = {
			isa = PBXGroup;
			children = (
				C4C36A03265289D400866785 /* CoreDataUsage */,
				C4C36A02265289D400866785 /* Products */,
			);
			sourceTree = "<group>";
		};
		C4C36A02265289D400866785 /* Products */ = {
			isa = PBXGroup;
			children = (
				C4C36A01265289D400866785 /* CoreDataUsage.app */,
			);
			name = Products;
			sourceTree = "<group>";
		};
		C4C36A03265289D400866785 /* CoreDataUsage */ = {
			isa = PBXGroup;
			children = (
				C4C36A04265289D400866785 /* AppDelegate.swift */,
				C4C36A06265289D400866785 /* SceneDelegate.swift */,
				C4C36A08265289D400866785 /* ViewController.swift */,
				C4C36A0A265289D400866785 /* Main.storyboard */,
				C4C36A10265289D500866785 /* Assets.xcassets */,
				C4C36A12265289D500866785 /* LaunchScreen.storyboard */,
				C4C36A15265289D500866785 /* Info.plist */,
				C4C36A0D265289D400866785 /* CoreDataUsage.xcdatamodeld */,
				C4C36A1C26528C2100866785 /* CookCreateViewController.swift */,
				C4C36A1F26528D2B00866785 /* CustomTableViewCell.swift */,
			);
			path = CoreDataUsage;
			sourceTree = "<group>";
		};
/* End PBXGroup section */

/* Begin PBXNativeTarget section */
		C4C36A00265289D400866785 /* CoreDataUsage */ = {
			isa = PBXNativeTarget;
			buildConfigurationList = C4C36A18265289D500866785 /* Build configuration list for PBXNativeTarget "CoreDataUsage" */;
			buildPhases = (
				C4C369FD265289D400866785 /* Sources */,
				C4C369FE265289D400866785 /* Frameworks */,
				C4C369FF265289D400866785 /* Resources */,
			);
			buildRules = (
			);
			dependencies = (
			);
			name = CoreDataUsage;
			productName = CoreDataUsage;
			productReference = C4C36A01265289D400866785 /* CoreDataUsage.app */;
			productType = "com.apple.product-type.application";
		};
/* End PBXNativeTarget section */

/* Begin PBXProject section */
		C4C369F9265289D400866785 /* Project object */ = {
			isa = PBXProject;
			attributes = {
				LastSwiftUpdateCheck = 1240;
				LastUpgradeCheck = 1240;
				TargetAttributes = {
					C4C36A00265289D400866785 = {
						CreatedOnToolsVersion = 12.4;
					};
				};
			};
			buildConfigurationList = C4C369FC265289D400866785 /* Build configuration list for PBXProject "CoreDataUsage" */;
			compatibilityVersion = "Xcode 9.3";
			developmentRegion = en;
			hasScannedForEncodings = 0;
			knownRegions = (
				en,
				Base,
			);
			mainGroup = C4C369F8265289D400866785;
			productRefGroup = C4C36A02265289D400866785 /* Products */;
			projectDirPath = "";
			projectRoot = "";
			targets = (
				C4C36A00265289D400866785 /* CoreDataUsage */,
			);
		};
/* End PBXProject section */

/* Begin PBXResourcesBuildPhase section */
		C4C369FF265289D400866785 /* Resources */ = {
			isa = PBXResourcesBuildPhase;
			buildActionMask = 2147483647;
			files = (
				C4C36A14265289D500866785 /* LaunchScreen.storyboard in Resources */,
				C4C36A11265289D500866785 /* Assets.xcassets in Resources */,
				C4C36A0C265289D400866785 /* Main.storyboard in Resources */,
			);
			runOnlyForDeploymentPostprocessing = 0;
		};
/* End PBXResourcesBuildPhase section */

/* Begin PBXSourcesBuildPhase section */
		C4C369FD265289D400866785 /* Sources */ = {
			isa = PBXSourcesBuildPhase;
			buildActionMask = 2147483647;
			files = (
				C4C36A2026528D2B00866785 /* CustomTableViewCell.swift in Sources */,
				C4C36A09265289D400866785 /* ViewController.swift in Sources */,
				C4C36A05265289D400866785 /* AppDelegate.swift in Sources */,
				C4C36A1D26528C2100866785 /* CookCreateViewController.swift in Sources */,
				C4C36A0F265289D400866785 /* CoreDataUsage.xcdatamodeld in Sources */,
				C4C36A07265289D400866785 /* SceneDelegate.swift in Sources */,
			);
			runOnlyForDeploymentPostprocessing = 0;
		};
/* End PBXSourcesBuildPhase section */

/* Begin PBXVariantGroup section */
		C4C36A0A265289D400866785 /* Main.storyboard */ = {
			isa = PBXVariantGroup;
			children = (
				C4C36A0B265289D400866785 /* Base */,
			);
			name = Main.storyboard;
			sourceTree = "<group>";
		};
		C4C36A12265289D500866785 /* LaunchScreen.storyboard */ = {
			isa = PBXVariantGroup;
			children = (
				C4C36A13265289D500866785 /* Base */,
			);
			name = LaunchScreen.storyboard;
			sourceTree = "<group>";
		};
/* End PBXVariantGroup section */

/* Begin XCBuildConfiguration section */
		C4C36A16265289D500866785 /* Debug */ = {
			isa = XCBuildConfiguration;
			buildSettings = {
				ALWAYS_SEARCH_USER_PATHS = NO;
				CLANG_ANALYZER_NONNULL = YES;
				CLANG_ANALYZER_NUMBER_OBJECT_CONVERSION = YES_AGGRESSIVE;
				CLANG_CXX_LANGUAGE_STANDARD = "gnu++14";
				CLANG_CXX_LIBRARY = "libc++";
				CLANG_ENABLE_MODULES = YES;
				CLANG_ENABLE_OBJC_ARC = YES;
				CLANG_ENABLE_OBJC_WEAK = YES;
				CLANG_WARN_BLOCK_CAPTURE_AUTORELEASING = YES;
				CLANG_WARN_BOOL_CONVERSION = YES;
				CLANG_WARN_COMMA = YES;
				CLANG_WARN_CONSTANT_CONVERSION = YES;
				CLANG_WARN_DEPRECATED_OBJC_IMPLEMENTATIONS = YES;
				CLANG_WARN_DIRECT_OBJC_ISA_USAGE = YES_ERROR;
				CLANG_WARN_DOCUMENTATION_COMMENTS = YES;
				CLANG_WARN_EMPTY_BODY = YES;
				CLANG_WARN_ENUM_CONVERSION = YES;
				CLANG_WARN_INFINITE_RECURSION = YES;
				CLANG_WARN_INT_CONVERSION = YES;
				CLANG_WARN_NON_LITERAL_NULL_CONVERSION = YES;
				CLANG_WARN_OBJC_IMPLICIT_RETAIN_SELF = YES;
				CLANG_WARN_OBJC_LITERAL_CONVERSION = YES;
				CLANG_WARN_OBJC_ROOT_CLASS = YES_ERROR;
				CLANG_WARN_QUOTED_INCLUDE_IN_FRAMEWORK_HEADER = YES;
				CLANG_WARN_RANGE_LOOP_ANALYSIS = YES;
				CLANG_WARN_STRICT_PROTOTYPES = YES;
				CLANG_WARN_SUSPICIOUS_MOVE = YES;
				CLANG_WARN_UNGUARDED_AVAILABILITY = YES_AGGRESSIVE;
				CLANG_WARN_UNREACHABLE_CODE = YES;
				CLANG_WARN__DUPLICATE_METHOD_MATCH = YES;
				COPY_PHASE_STRIP = NO;
				DEBUG_INFORMATION_FORMAT = dwarf;
				ENABLE_STRICT_OBJC_MSGSEND = YES;
				ENABLE_TESTABILITY = YES;
				GCC_C_LANGUAGE_STANDARD = gnu11;
				GCC_DYNAMIC_NO_PIC = NO;
				GCC_NO_COMMON_BLOCKS = YES;
				GCC_OPTIMIZATION_LEVEL = 0;
				GCC_PREPROCESSOR_DEFINITIONS = (
					"DEBUG=1",
					"$(inherited)",
				);
				GCC_WARN_64_TO_32_BIT_CONVERSION = YES;
				GCC_WARN_ABOUT_RETURN_TYPE = YES_ERROR;
				GCC_WARN_UNDECLARED_SELECTOR = YES;
				GCC_WARN_UNINITIALIZED_AUTOS = YES_AGGRESSIVE;
				GCC_WARN_UNUSED_FUNCTION = YES;
				GCC_WARN_UNUSED_VARIABLE = YES;
				IPHONEOS_DEPLOYMENT_TARGET = 14.4;
				MTL_ENABLE_DEBUG_INFO = INCLUDE_SOURCE;
				MTL_FAST_MATH = YES;
				ONLY_ACTIVE_ARCH = YES;
				SDKROOT = iphoneos;
				SWIFT_ACTIVE_COMPILATION_CONDITIONS = DEBUG;
				SWIFT_OPTIMIZATION_LEVEL = "-Onone";
			};
			name = Debug;
		};
		C4C36A17265289D500866785 /* Release */ = {
			isa = XCBuildConfiguration;
			buildSettings = {
				ALWAYS_SEARCH_USER_PATHS = NO;
				CLANG_ANALYZER_NONNULL = YES;
				CLANG_ANALYZER_NUMBER_OBJECT_CONVERSION = YES_AGGRESSIVE;
				CLANG_CXX_LANGUAGE_STANDARD = "gnu++14";
				CLANG_CXX_LIBRARY = "libc++";
				CLANG_ENABLE_MODULES = YES;
				CLANG_ENABLE_OBJC_ARC = YES;
				CLANG_ENABLE_OBJC_WEAK = YES;
				CLANG_WARN_BLOCK_CAPTURE_AUTORELEASING = YES;
				CLANG_WARN_BOOL_CONVERSION = YES;
				CLANG_WARN_COMMA = YES;
				CLANG_WARN_CONSTANT_CONVERSION = YES;
				CLANG_WARN_DEPRECATED_OBJC_IMPLEMENTATIONS = YES;
				CLANG_WARN_DIRECT_OBJC_ISA_USAGE = YES_ERROR;
				CLANG_WARN_DOCUMENTATION_COMMENTS = YES;
				CLANG_WARN_EMPTY_BODY = YES;
				CLANG_WARN_ENUM_CONVERSION = YES;
				CLANG_WARN_INFINITE_RECURSION = YES;
				CLANG_WARN_INT_CONVERSION = YES;
				CLANG_WARN_NON_LITERAL_NULL_CONVERSION = YES;
				CLANG_WARN_OBJC_IMPLICIT_RETAIN_SELF = YES;
				CLANG_WARN_OBJC_LITERAL_CONVERSION = YES;
				CLANG_WARN_OBJC_ROOT_CLASS = YES_ERROR;
				CLANG_WARN_QUOTED_INCLUDE_IN_FRAMEWORK_HEADER = YES;
				CLANG_WARN_RANGE_LOOP_ANALYSIS = YES;
				CLANG_WARN_STRICT_PROTOTYPES = YES;
				CLANG_WARN_SUSPICIOUS_MOVE = YES;
				CLANG_WARN_UNGUARDED_AVAILABILITY = YES_AGGRESSIVE;
				CLANG_WARN_UNREACHABLE_CODE = YES;
				CLANG_WARN__DUPLICATE_METHOD_MATCH = YES;
				COPY_PHASE_STRIP = NO;
				DEBUG_INFORMATION_FORMAT = "dwarf-with-dsym";
				ENABLE_NS_ASSERTIONS = NO;
				ENABLE_STRICT_OBJC_MSGSEND = YES;
				GCC_C_LANGUAGE_STANDARD = gnu11;
				GCC_NO_COMMON_BLOCKS = YES;
				GCC_WARN_64_TO_32_BIT_CONVERSION = YES;
				GCC_WARN_ABOUT_RETURN_TYPE = YES_ERROR;
				GCC_WARN_UNDECLARED_SELECTOR = YES;
				GCC_WARN_UNINITIALIZED_AUTOS = YES_AGGRESSIVE;
				GCC_WARN_UNUSED_FUNCTION = YES;
				GCC_WARN_UNUSED_VARIABLE = YES;
				IPHONEOS_DEPLOYMENT_TARGET = 14.4;
				MTL_ENABLE_DEBUG_INFO = NO;
				MTL_FAST_MATH = YES;
				SDKROOT = iphoneos;
				SWIFT_COMPILATION_MODE = wholemodule;
				SWIFT_OPTIMIZATION_LEVEL = "-O";
				VALIDATE_PRODUCT = YES;
			};
			name = Release;
		};
		C4C36A19265289D500866785 /* Debug */ = {
			isa = XCBuildConfiguration;
			buildSettings = {
				ASSETCATALOG_COMPILER_APPICON_NAME = AppIcon;
				ASSETCATALOG_COMPILER_GLOBAL_ACCENT_COLOR_NAME = AccentColor;
				CODE_SIGN_STYLE = Automatic;
				DEVELOPMENT_TEAM = ZJP5R49QLR;
				INFOPLIST_FILE = CoreDataUsage/Info.plist;
				LD_RUNPATH_SEARCH_PATHS = (
					"$(inherited)",
					"@executable_path/Frameworks",
				);
				PRODUCT_BUNDLE_IDENTIFIER = com.CoreDataUsage;
				PRODUCT_NAME = "$(TARGET_NAME)";
				SWIFT_VERSION = 5.0;
				TARGETED_DEVICE_FAMILY = "1,2";
			};
			name = Debug;
		};
		C4C36A1A265289D500866785 /* Release */ = {
			isa = XCBuildConfiguration;
			buildSettings = {
				ASSETCATALOG_COMPILER_APPICON_NAME = AppIcon;
				ASSETCATALOG_COMPILER_GLOBAL_ACCENT_COLOR_NAME = AccentColor;
				CODE_SIGN_STYLE = Automatic;
				DEVELOPMENT_TEAM = ZJP5R49QLR;
				INFOPLIST_FILE = CoreDataUsage/Info.plist;
				LD_RUNPATH_SEARCH_PATHS = (
					"$(inherited)",
					"@executable_path/Frameworks",
				);
				PRODUCT_BUNDLE_IDENTIFIER = com.CoreDataUsage;
				PRODUCT_NAME = "$(TARGET_NAME)";
				SWIFT_VERSION = 5.0;
				TARGETED_DEVICE_FAMILY = "1,2";
			};
			name = Release;
		};
/* End XCBuildConfiguration section */

/* Begin XCConfigurationList section */
		C4C369FC265289D400866785 /* Build configuration list for PBXProject "CoreDataUsage" */ = {
			isa = XCConfigurationList;
			buildConfigurations = (
				C4C36A16265289D500866785 /* Debug */,
				C4C36A17265289D500866785 /* Release */,
			);
			defaultConfigurationIsVisible = 0;
			defaultConfigurationName = Release;
		};
		C4C36A18265289D500866785 /* Build configuration list for PBXNativeTarget "CoreDataUsage" */ = {
			isa = XCConfigurationList;
			buildConfigurations = (
				C4C36A19265289D500866785 /* Debug */,
				C4C36A1A265289D500866785 /* Release */,
			);
			defaultConfigurationIsVisible = 0;
			defaultConfigurationName = Release;
		};
/* End XCConfigurationList section */

/* Begin XCVersionGroup section */
		C4C36A0D265289D400866785 /* CoreDataUsage.xcdatamodeld */ = {
			isa = XCVersionGroup;
			children = (
				C4C36A0E265289D400866785 /* CoreDataUsage.xcdatamodel */,
			);
			currentVersion = C4C36A0E265289D400866785 /* CoreDataUsage.xcdatamodel */;
			path = CoreDataUsage.xcdatamodeld;
			sourceTree = "<group>";
			versionGroupType = wrapper.xcdatamodel;
		};
/* End XCVersionGroup section */
	};
	rootObject = C4C369F9265289D400866785 /* Project object */;
}
