// !$*UTF8*$!
{
	archiveVersion = 1;
	classes = {
	};
	objectVersion = 50;
	objects = {

/* Begin PBXBuildFile section */
		C4D59B182647DED4000114FA /* AppDelegate.swift in Sources */ = {isa = PBXBuildFile; fileRef = C4D59B172647DED4000114FA /* AppDelegate.swift */; };
		C4D59B1A2647DED4000114FA /* SceneDelegate.swift in Sources */ = {isa = PBXBuildFile; fileRef = C4D59B192647DED4000114FA /* SceneDelegate.swift */; };
		C4D59B1C2647DED4000114FA /* ViewController.swift in Sources */ = {isa = PBXBuildFile; fileRef = C4D59B1B2647DED4000114FA /* ViewController.swift */; };
		C4D59B1F2647DED4000114FA /* Main.storyboard in Resources */ = {isa = PBXBuildFile; fileRef = C4D59B1D2647DED4000114FA /* Main.storyboard */; };
		C4D59B212647DED5000114FA /* Assets.xcassets in Resources */ = {isa = PBXBuildFile; fileRef = C4D59B202647DED5000114FA /* Assets.xcassets */; };
		C4D59B242647DED5000114FA /* LaunchScreen.storyboard in Resources */ = {isa = PBXBuildFile; fileRef = C4D59B222647DED5000114FA /* LaunchScreen.storyboard */; };
		C4D59B3026496913000114FA /* TabBarControl.swift in Sources */ = {isa = PBXBuildFile; fileRef = C4D59B2F26496913000114FA /* TabBarControl.swift */; };
		C4D59B34264969C4000114FA /* TabBar.swift in Sources */ = {isa = PBXBuildFile; fileRef = C4D59B33264969C4000114FA /* TabBar.swift */; };
/* End PBXBuildFile section */

/* Begin PBXFileReference section */
		C4D59B142647DED4000114FA /* TabBarDesign.app */ = {isa = PBXFileReference; explicitFileType = wrapper.application; includeInIndex = 0; path = TabBarDesign.app; sourceTree = BUILT_PRODUCTS_DIR; };
		C4D59B172647DED4000114FA /* AppDelegate.swift */ = {isa = PBXFileReference; lastKnownFileType = sourcecode.swift; path = AppDelegate.swift; sourceTree = "<group>"; };
		C4D59B192647DED4000114FA /* SceneDelegate.swift */ = {isa = PBXFileReference; lastKnownFileType = sourcecode.swift; path = SceneDelegate.swift; sourceTree = "<group>"; };
		C4D59B1B2647DED4000114FA /* ViewController.swift */ = {isa = PBXFileReference; lastKnownFileType = sourcecode.swift; path = ViewController.swift; sourceTree = "<group>"; };
		C4D59B1E2647DED4000114FA /* Base */ = {isa = PBXFileReference; lastKnownFileType = file.storyboard; name = Base; path = Base.lproj/Main.storyboard; sourceTree = "<group>"; };
		C4D59B202647DED5000114FA /* Assets.xcassets */ = {isa = PBXFileReference; lastKnownFileType = folder.assetcatalog; path = Assets.xcassets; sourceTree = "<group>"; };
		C4D59B232647DED5000114FA /* Base */ = {isa = PBXFileReference; lastKnownFileType = file.storyboard; name = Base; path = Base.lproj/LaunchScreen.storyboard; sourceTree = "<group>"; };
		C4D59B252647DED5000114FA /* Info.plist */ = {isa = PBXFileReference; lastKnownFileType = text.plist.xml; path = Info.plist; sourceTree = "<group>"; };
		C4D59B2F26496913000114FA /* TabBarControl.swift */ = {isa = PBXFileReference; lastKnownFileType = sourcecode.swift; path = TabBarControl.swift; sourceTree = "<group>"; };
		C4D59B33264969C4000114FA /* TabBar.swift */ = {isa = PBXFileReference; lastKnownFileType = sourcecode.swift; path = TabBar.swift; sourceTree = "<group>"; };
/* End PBXFileReference section */

/* Begin PBXFrameworksBuildPhase section */
		C4D59B112647DED4000114FA /* Frameworks */ = {
			isa = PBXFrameworksBuildPhase;
			buildActionMask = 2147483647;
			files = (
			);
			runOnlyForDeploymentPostprocessing = 0;
		};
/* End PBXFrameworksBuildPhase section */

/* Begin PBXGroup section */
		C4D59B0B2647DED4000114FA = {
			isa = PBXGroup;
			children = (
				C4D59B162647DED4000114FA /* TabBarDesign */,
				C4D59B152647DED4000114FA /* Products */,
			);
			sourceTree = "<group>";
		};
		C4D59B152647DED4000114FA /* Products */ = {
			isa = PBXGroup;
			children = (
				C4D59B142647DED4000114FA /* TabBarDesign.app */,
			);
			name = Products;
			sourceTree = "<group>";
		};
		C4D59B162647DED4000114FA /* TabBarDesign */ = {
			isa = PBXGroup;
			children = (
				C4D59B172647DED4000114FA /* AppDelegate.swift */,
				C4D59B192647DED4000114FA /* SceneDelegate.swift */,
				C4D59B1B2647DED4000114FA /* ViewController.swift */,
				C4D59B1D2647DED4000114FA /* Main.storyboard */,
				C4D59B202647DED5000114FA /* Assets.xcassets */,
				C4D59B222647DED5000114FA /* LaunchScreen.storyboard */,
				C4D59B252647DED5000114FA /* Info.plist */,
				C4D59B33264969C4000114FA /* TabBar.swift */,
				C4D59B2F26496913000114FA /* TabBarControl.swift */,
			);
			path = TabBarDesign;
			sourceTree = "<group>";
		};
/* End PBXGroup section */

/* Begin PBXNativeTarget section */
		C4D59B132647DED4000114FA /* TabBarDesign */ = {
			isa = PBXNativeTarget;
			buildConfigurationList = C4D59B282647DED5000114FA /* Build configuration list for PBXNativeTarget "TabBarDesign" */;
			buildPhases = (
				C4D59B102647DED4000114FA /* Sources */,
				C4D59B112647DED4000114FA /* Frameworks */,
				C4D59B122647DED4000114FA /* Resources */,
			);
			buildRules = (
			);
			dependencies = (
			);
			name = TabBarDesign;
			productName = TabBarDesign;
			productReference = C4D59B142647DED4000114FA /* TabBarDesign.app */;
			productType = "com.apple.product-type.application";
		};
/* End PBXNativeTarget section */

/* Begin PBXProject section */
		C4D59B0C2647DED4000114FA /* Project object */ = {
			isa = PBXProject;
			attributes = {
				LastSwiftUpdateCheck = 1240;
				LastUpgradeCheck = 1240;
				TargetAttributes = {
					C4D59B132647DED4000114FA = {
						CreatedOnToolsVersion = 12.4;
					};
				};
			};
			buildConfigurationList = C4D59B0F2647DED4000114FA /* Build configuration list for PBXProject "TabBarDesign" */;
			compatibilityVersion = "Xcode 9.3";
			developmentRegion = en;
			hasScannedForEncodings = 0;
			knownRegions = (
				en,
				Base,
			);
			mainGroup = C4D59B0B2647DED4000114FA;
			productRefGroup = C4D59B152647DED4000114FA /* Products */;
			projectDirPath = "";
			projectRoot = "";
			targets = (
				C4D59B132647DED4000114FA /* TabBarDesign */,
			);
		};
/* End PBXProject section */

/* Begin PBXResourcesBuildPhase section */
		C4D59B122647DED4000114FA /* Resources */ = {
			isa = PBXResourcesBuildPhase;
			buildActionMask = 2147483647;
			files = (
				C4D59B242647DED5000114FA /* LaunchScreen.storyboard in Resources */,
				C4D59B212647DED5000114FA /* Assets.xcassets in Resources */,
				C4D59B1F2647DED4000114FA /* Main.storyboard in Resources */,
			);
			runOnlyForDeploymentPostprocessing = 0;
		};
/* End PBXResourcesBuildPhase section */

/* Begin PBXSourcesBuildPhase section */
		C4D59B102647DED4000114FA /* Sources */ = {
			isa = PBXSourcesBuildPhase;
			buildActionMask = 2147483647;
			files = (
				C4D59B1C2647DED4000114FA /* ViewController.swift in Sources */,
				C4D59B182647DED4000114FA /* AppDelegate.swift in Sources */,
				C4D59B34264969C4000114FA /* TabBar.swift in Sources */,
				C4D59B3026496913000114FA /* TabBarControl.swift in Sources */,
				C4D59B1A2647DED4000114FA /* SceneDelegate.swift in Sources */,
			);
			runOnlyForDeploymentPostprocessing = 0;
		};
/* End PBXSourcesBuildPhase section */

/* Begin PBXVariantGroup section */
		C4D59B1D2647DED4000114FA /* Main.storyboard */ = {
			isa = PBXVariantGroup;
			children = (
				C4D59B1E2647DED4000114FA /* Base */,
			);
			name = Main.storyboard;
			sourceTree = "<group>";
		};
		C4D59B222647DED5000114FA /* LaunchScreen.storyboard */ = {
			isa = PBXVariantGroup;
			children = (
				C4D59B232647DED5000114FA /* Base */,
			);
			name = LaunchScreen.storyboard;
			sourceTree = "<group>";
		};
/* End PBXVariantGroup section */

/* Begin XCBuildConfiguration section */
		C4D59B262647DED5000114FA /* Debug */ = {
			isa = XCBuildConfiguration;
			buildSettings = {
				ALWAYS_SEARCH_USER_PATHS = NO;
				CLANG_ANALYZER_NONNULL = YES;
				CLANG_ANALYZER_NUMBER_OBJECT_CONVERSION = YES_AGGRESSIVE;
				CLANG_CXX_LANGUAGE_STANDARD = "gnu++14";
				CLANG_CXX_LIBRARY = "libc++";
				CLANG_ENABLE_MODULES = YES;
				CLANG_ENABLE_OBJC_ARC = YES;
				CLANG_ENABLE_OBJC_WEAK = YES;
				CLANG_WARN_BLOCK_CAPTURE_AUTORELEASING = YES;
				CLANG_WARN_BOOL_CONVERSION = YES;
				CLANG_WARN_COMMA = YES;
				CLANG_WARN_CONSTANT_CONVERSION = YES;
				CLANG_WARN_DEPRECATED_OBJC_IMPLEMENTATIONS = YES;
				CLANG_WARN_DIRECT_OBJC_ISA_USAGE = YES_ERROR;
				CLANG_WARN_DOCUMENTATION_COMMENTS = YES;
				CLANG_WARN_EMPTY_BODY = YES;
				CLANG_WARN_ENUM_CONVERSION = YES;
				CLANG_WARN_INFINITE_RECURSION = YES;
				CLANG_WARN_INT_CONVERSION = YES;
				CLANG_WARN_NON_LITERAL_NULL_CONVERSION = YES;
				CLANG_WARN_OBJC_IMPLICIT_RETAIN_SELF = YES;
				CLANG_WARN_OBJC_LITERAL_CONVERSION = YES;
				CLANG_WARN_OBJC_ROOT_CLASS = YES_ERROR;
				CLANG_WARN_QUOTED_INCLUDE_IN_FRAMEWORK_HEADER = YES;
				CLANG_WARN_RANGE_LOOP_ANALYSIS = YES;
				CLANG_WARN_STRICT_PROTOTYPES = YES;
				CLANG_WARN_SUSPICIOUS_MOVE = YES;
				CLANG_WARN_UNGUARDED_AVAILABILITY = YES_AGGRESSIVE;
				CLANG_WARN_UNREACHABLE_CODE = YES;
				CLANG_WARN__DUPLICATE_METHOD_MATCH = YES;
				COPY_PHASE_STRIP = NO;
				DEBUG_INFORMATION_FORMAT = dwarf;
				ENABLE_STRICT_OBJC_MSGSEND = YES;
				ENABLE_TESTABILITY = YES;
				GCC_C_LANGUAGE_STANDARD = gnu11;
				GCC_DYNAMIC_NO_PIC = NO;
				GCC_NO_COMMON_BLOCKS = YES;
				GCC_OPTIMIZATION_LEVEL = 0;
				GCC_PREPROCESSOR_DEFINITIONS = (
					"DEBUG=1",
					"$(inherited)",
				);
				GCC_WARN_64_TO_32_BIT_CONVERSION = YES;
				GCC_WARN_ABOUT_RETURN_TYPE = YES_ERROR;
				GCC_WARN_UNDECLARED_SELECTOR = YES;
				GCC_WARN_UNINITIALIZED_AUTOS = YES_AGGRESSIVE;
				GCC_WARN_UNUSED_FUNCTION = YES;
				GCC_WARN_UNUSED_VARIABLE = YES;
				IPHONEOS_DEPLOYMENT_TARGET = 14.4;
				MTL_ENABLE_DEBUG_INFO = INCLUDE_SOURCE;
				MTL_FAST_MATH = YES;
				ONLY_ACTIVE_ARCH = YES;
				SDKROOT = iphoneos;
				SWIFT_ACTIVE_COMPILATION_CONDITIONS = DEBUG;
				SWIFT_OPTIMIZATION_LEVEL = "-Onone";
			};
			name = Debug;
		};
		C4D59B272647DED5000114FA /* Release */ = {
			isa = XCBuildConfiguration;
			buildSettings = {
				ALWAYS_SEARCH_USER_PATHS = NO;
				CLANG_ANALYZER_NONNULL = YES;
				CLANG_ANALYZER_NUMBER_OBJECT_CONVERSION = YES_AGGRESSIVE;
				CLANG_CXX_LANGUAGE_STANDARD = "gnu++14";
				CLANG_CXX_LIBRARY = "libc++";
				CLANG_ENABLE_MODULES = YES;
				CLANG_ENABLE_OBJC_ARC = YES;
				CLANG_ENABLE_OBJC_WEAK = YES;
				CLANG_WARN_BLOCK_CAPTURE_AUTORELEASING = YES;
				CLANG_WARN_BOOL_CONVERSION = YES;
				CLANG_WARN_COMMA = YES;
				CLANG_WARN_CONSTANT_CONVERSION = YES;
				CLANG_WARN_DEPRECATED_OBJC_IMPLEMENTATIONS = YES;
				CLANG_WARN_DIRECT_OBJC_ISA_USAGE = YES_ERROR;
				CLANG_WARN_DOCUMENTATION_COMMENTS = YES;
				CLANG_WARN_EMPTY_BODY = YES;
				CLANG_WARN_ENUM_CONVERSION = YES;
				CLANG_WARN_INFINITE_RECURSION = YES;
				CLANG_WARN_INT_CONVERSION = YES;
				CLANG_WARN_NON_LITERAL_NULL_CONVERSION = YES;
				CLANG_WARN_OBJC_IMPLICIT_RETAIN_SELF = YES;
				CLANG_WARN_OBJC_LITERAL_CONVERSION = YES;
				CLANG_WARN_OBJC_ROOT_CLASS = YES_ERROR;
				CLANG_WARN_QUOTED_INCLUDE_IN_FRAMEWORK_HEADER = YES;
				CLANG_WARN_RANGE_LOOP_ANALYSIS = YES;
				CLANG_WARN_STRICT_PROTOTYPES = YES;
				CLANG_WARN_SUSPICIOUS_MOVE = YES;
				CLANG_WARN_UNGUARDED_AVAILABILITY = YES_AGGRESSIVE;
				CLANG_WARN_UNREACHABLE_CODE = YES;
				CLANG_WARN__DUPLICATE_METHOD_MATCH = YES;
				COPY_PHASE_STRIP = NO;
				DEBUG_INFORMATION_FORMAT = "dwarf-with-dsym";
				ENABLE_NS_ASSERTIONS = NO;
				ENABLE_STRICT_OBJC_MSGSEND = YES;
				GCC_C_LANGUAGE_STANDARD = gnu11;
				GCC_NO_COMMON_BLOCKS = YES;
				GCC_WARN_64_TO_32_BIT_CONVERSION = YES;
				GCC_WARN_ABOUT_RETURN_TYPE = YES_ERROR;
				GCC_WARN_UNDECLARED_SELECTOR = YES;
				GCC_WARN_UNINITIALIZED_AUTOS = YES_AGGRESSIVE;
				GCC_WARN_UNUSED_FUNCTION = YES;
				GCC_WARN_UNUSED_VARIABLE = YES;
				IPHONEOS_DEPLOYMENT_TARGET = 14.4;
				MTL_ENABLE_DEBUG_INFO = NO;
				MTL_FAST_MATH = YES;
				SDKROOT = iphoneos;
				SWIFT_COMPILATION_MODE = wholemodule;
				SWIFT_OPTIMIZATION_LEVEL = "-O";
				VALIDATE_PRODUCT = YES;
			};
			name = Release;
		};
		C4D59B292647DED5000114FA /* Debug */ = {
			isa = XCBuildConfiguration;
			buildSettings = {
				ASSETCATALOG_COMPILER_APPICON_NAME = AppIcon;
				ASSETCATALOG_COMPILER_GLOBAL_ACCENT_COLOR_NAME = AccentColor;
				CODE_SIGN_STYLE = Automatic;
				DEVELOPMENT_TEAM = ZJP5R49QLR;
				INFOPLIST_FILE = TabBarDesign/Info.plist;
				LD_RUNPATH_SEARCH_PATHS = (
					"$(inherited)",
					"@executable_path/Frameworks",
				);
				PRODUCT_BUNDLE_IDENTIFIER = com.TabBarDesign;
				PRODUCT_NAME = "$(TARGET_NAME)";
				SWIFT_VERSION = 5.0;
				TARGETED_DEVICE_FAMILY = "1,2";
			};
			name = Debug;
		};
		C4D59B2A2647DED5000114FA /* Release */ = {
			isa = XCBuildConfiguration;
			buildSettings = {
				ASSETCATALOG_COMPILER_APPICON_NAME = AppIcon;
				ASSETCATALOG_COMPILER_GLOBAL_ACCENT_COLOR_NAME = AccentColor;
				CODE_SIGN_STYLE = Automatic;
				DEVELOPMENT_TEAM = ZJP5R49QLR;
				INFOPLIST_FILE = TabBarDesign/Info.plist;
				LD_RUNPATH_SEARCH_PATHS = (
					"$(inherited)",
					"@executable_path/Frameworks",
				);
				PRODUCT_BUNDLE_IDENTIFIER = com.TabBarDesign;
				PRODUCT_NAME = "$(TARGET_NAME)";
				SWIFT_VERSION = 5.0;
				TARGETED_DEVICE_FAMILY = "1,2";
			};
			name = Release;
		};
/* End XCBuildConfiguration section */

/* Begin XCConfigurationList section */
		C4D59B0F2647DED4000114FA /* Build configuration list for PBXProject "TabBarDesign" */ = {
			isa = XCConfigurationList;
			buildConfigurations = (
				C4D59B262647DED5000114FA /* Debug */,
				C4D59B272647DED5000114FA /* Release */,
			);
			defaultConfigurationIsVisible = 0;
			defaultConfigurationName = Release;
		};
		C4D59B282647DED5000114FA /* Build configuration list for PBXNativeTarget "TabBarDesign" */ = {
			isa = XCConfigurationList;
			buildConfigurations = (
				C4D59B292647DED5000114FA /* Debug */,
				C4D59B2A2647DED5000114FA /* Release */,
			);
			defaultConfigurationIsVisible = 0;
			defaultConfigurationName = Release;
		};
/* End XCConfigurationList section */
	};
	rootObject = C4D59B0C2647DED4000114FA /* Project object */;
}
