// !$*UTF8*$!
{
	archiveVersion = 1;
	classes = {
	};
	objectVersion = 50;
	objects = {

/* Begin PBXBuildFile section */
		C47A2AED263C6CAE0045CBE6 /* AppDelegate.swift in Sources */ = {isa = PBXBuildFile; fileRef = C47A2AEC263C6CAE0045CBE6 /* AppDelegate.swift */; };
		C47A2AEF263C6CAE0045CBE6 /* SceneDelegate.swift in Sources */ = {isa = PBXBuildFile; fileRef = C47A2AEE263C6CAE0045CBE6 /* SceneDelegate.swift */; };
		C47A2AF1263C6CAE0045CBE6 /* ViewController.swift in Sources */ = {isa = PBXBuildFile; fileRef = C47A2AF0263C6CAE0045CBE6 /* ViewController.swift */; };
		C47A2AF4263C6CAE0045CBE6 /* Main.storyboard in Resources */ = {isa = PBXBuildFile; fileRef = C47A2AF2263C6CAE0045CBE6 /* Main.storyboard */; };
		C47A2AF6263C6CAE0045CBE6 /* Assets.xcassets in Resources */ = {isa = PBXBuildFile; fileRef = C47A2AF5263C6CAE0045CBE6 /* Assets.xcassets */; };
		C47A2AF9263C6CAE0045CBE6 /* LaunchScreen.storyboard in Resources */ = {isa = PBXBuildFile; fileRef = C47A2AF7263C6CAE0045CBE6 /* LaunchScreen.storyboard */; };
/* End PBXBuildFile section */

/* Begin PBXFileReference section */
		C47A2AE9263C6CAE0045CBE6 /* Question12-range-calculation.app */ = {isa = PBXFileReference; explicitFileType = wrapper.application; includeInIndex = 0; path = "Question12-range-calculation.app"; sourceTree = BUILT_PRODUCTS_DIR; };
		C47A2AEC263C6CAE0045CBE6 /* AppDelegate.swift */ = {isa = PBXFileReference; lastKnownFileType = sourcecode.swift; path = AppDelegate.swift; sourceTree = "<group>"; };
		C47A2AEE263C6CAE0045CBE6 /* SceneDelegate.swift */ = {isa = PBXFileReference; lastKnownFileType = sourcecode.swift; path = SceneDelegate.swift; sourceTree = "<group>"; };
		C47A2AF0263C6CAE0045CBE6 /* ViewController.swift */ = {isa = PBXFileReference; lastKnownFileType = sourcecode.swift; path = ViewController.swift; sourceTree = "<group>"; };
		C47A2AF3263C6CAE0045CBE6 /* Base */ = {isa = PBXFileReference; lastKnownFileType = file.storyboard; name = Base; path = Base.lproj/Main.storyboard; sourceTree = "<group>"; };
		C47A2AF5263C6CAE0045CBE6 /* Assets.xcassets */ = {isa = PBXFileReference; lastKnownFileType = folder.assetcatalog; path = Assets.xcassets; sourceTree = "<group>"; };
		C47A2AF8263C6CAE0045CBE6 /* Base */ = {isa = PBXFileReference; lastKnownFileType = file.storyboard; name = Base; path = Base.lproj/LaunchScreen.storyboard; sourceTree = "<group>"; };
		C47A2AFA263C6CAE0045CBE6 /* Info.plist */ = {isa = PBXFileReference; lastKnownFileType = text.plist.xml; path = Info.plist; sourceTree = "<group>"; };
/* End PBXFileReference section */

/* Begin PBXFrameworksBuildPhase section */
		C47A2AE6263C6CAE0045CBE6 /* Frameworks */ = {
			isa = PBXFrameworksBuildPhase;
			buildActionMask = 2147483647;
			files = (
			);
			runOnlyForDeploymentPostprocessing = 0;
		};
/* End PBXFrameworksBuildPhase section */

/* Begin PBXGroup section */
		C47A2AE0263C6CAE0045CBE6 = {
			isa = PBXGroup;
			children = (
				C47A2AEB263C6CAE0045CBE6 /* Question12-range-calculation */,
				C47A2AEA263C6CAE0045CBE6 /* Products */,
			);
			sourceTree = "<group>";
		};
		C47A2AEA263C6CAE0045CBE6 /* Products */ = {
			isa = PBXGroup;
			children = (
				C47A2AE9263C6CAE0045CBE6 /* Question12-range-calculation.app */,
			);
			name = Products;
			sourceTree = "<group>";
		};
		C47A2AEB263C6CAE0045CBE6 /* Question12-range-calculation */ = {
			isa = PBXGroup;
			children = (
				C47A2AEC263C6CAE0045CBE6 /* AppDelegate.swift */,
				C47A2AEE263C6CAE0045CBE6 /* SceneDelegate.swift */,
				C47A2AF0263C6CAE0045CBE6 /* ViewController.swift */,
				C47A2AF2263C6CAE0045CBE6 /* Main.storyboard */,
				C47A2AF5263C6CAE0045CBE6 /* Assets.xcassets */,
				C47A2AF7263C6CAE0045CBE6 /* LaunchScreen.storyboard */,
				C47A2AFA263C6CAE0045CBE6 /* Info.plist */,
			);
			path = "Question12-range-calculation";
			sourceTree = "<group>";
		};
/* End PBXGroup section */

/* Begin PBXNativeTarget section */
		C47A2AE8263C6CAE0045CBE6 /* Question12-range-calculation */ = {
			isa = PBXNativeTarget;
			buildConfigurationList = C47A2AFD263C6CAE0045CBE6 /* Build configuration list for PBXNativeTarget "Question12-range-calculation" */;
			buildPhases = (
				C47A2AE5263C6CAE0045CBE6 /* Sources */,
				C47A2AE6263C6CAE0045CBE6 /* Frameworks */,
				C47A2AE7263C6CAE0045CBE6 /* Resources */,
			);
			buildRules = (
			);
			dependencies = (
			);
			name = "Question12-range-calculation";
			productName = "Question12-range-calculation";
			productReference = C47A2AE9263C6CAE0045CBE6 /* Question12-range-calculation.app */;
			productType = "com.apple.product-type.application";
		};
/* End PBXNativeTarget section */

/* Begin PBXProject section */
		C47A2AE1263C6CAE0045CBE6 /* Project object */ = {
			isa = PBXProject;
			attributes = {
				LastSwiftUpdateCheck = 1240;
				LastUpgradeCheck = 1240;
				TargetAttributes = {
					C47A2AE8263C6CAE0045CBE6 = {
						CreatedOnToolsVersion = 12.4;
					};
				};
			};
			buildConfigurationList = C47A2AE4263C6CAE0045CBE6 /* Build configuration list for PBXProject "Question12-range-calculation" */;
			compatibilityVersion = "Xcode 9.3";
			developmentRegion = en;
			hasScannedForEncodings = 0;
			knownRegions = (
				en,
				Base,
			);
			mainGroup = C47A2AE0263C6CAE0045CBE6;
			productRefGroup = C47A2AEA263C6CAE0045CBE6 /* Products */;
			projectDirPath = "";
			projectRoot = "";
			targets = (
				C47A2AE8263C6CAE0045CBE6 /* Question12-range-calculation */,
			);
		};
/* End PBXProject section */

/* Begin PBXResourcesBuildPhase section */
		C47A2AE7263C6CAE0045CBE6 /* Resources */ = {
			isa = PBXResourcesBuildPhase;
			buildActionMask = 2147483647;
			files = (
				C47A2AF9263C6CAE0045CBE6 /* LaunchScreen.storyboard in Resources */,
				C47A2AF6263C6CAE0045CBE6 /* Assets.xcassets in Resources */,
				C47A2AF4263C6CAE0045CBE6 /* Main.storyboard in Resources */,
			);
			runOnlyForDeploymentPostprocessing = 0;
		};
/* End PBXResourcesBuildPhase section */

/* Begin PBXSourcesBuildPhase section */
		C47A2AE5263C6CAE0045CBE6 /* Sources */ = {
			isa = PBXSourcesBuildPhase;
			buildActionMask = 2147483647;
			files = (
				C47A2AF1263C6CAE0045CBE6 /* ViewController.swift in Sources */,
				C47A2AED263C6CAE0045CBE6 /* AppDelegate.swift in Sources */,
				C47A2AEF263C6CAE0045CBE6 /* SceneDelegate.swift in Sources */,
			);
			runOnlyForDeploymentPostprocessing = 0;
		};
/* End PBXSourcesBuildPhase section */

/* Begin PBXVariantGroup section */
		C47A2AF2263C6CAE0045CBE6 /* Main.storyboard */ = {
			isa = PBXVariantGroup;
			children = (
				C47A2AF3263C6CAE0045CBE6 /* Base */,
			);
			name = Main.storyboard;
			sourceTree = "<group>";
		};
		C47A2AF7263C6CAE0045CBE6 /* LaunchScreen.storyboard */ = {
			isa = PBXVariantGroup;
			children = (
				C47A2AF8263C6CAE0045CBE6 /* Base */,
			);
			name = LaunchScreen.storyboard;
			sourceTree = "<group>";
		};
/* End PBXVariantGroup section */

/* Begin XCBuildConfiguration section */
		C47A2AFB263C6CAE0045CBE6 /* Debug */ = {
			isa = XCBuildConfiguration;
			buildSettings = {
				ALWAYS_SEARCH_USER_PATHS = NO;
				CLANG_ANALYZER_NONNULL = YES;
				CLANG_ANALYZER_NUMBER_OBJECT_CONVERSION = YES_AGGRESSIVE;
				CLANG_CXX_LANGUAGE_STANDARD = "gnu++14";
				CLANG_CXX_LIBRARY = "libc++";
				CLANG_ENABLE_MODULES = YES;
				CLANG_ENABLE_OBJC_ARC = YES;
				CLANG_ENABLE_OBJC_WEAK = YES;
				CLANG_WARN_BLOCK_CAPTURE_AUTORELEASING = YES;
				CLANG_WARN_BOOL_CONVERSION = YES;
				CLANG_WARN_COMMA = YES;
				CLANG_WARN_CONSTANT_CONVERSION = YES;
				CLANG_WARN_DEPRECATED_OBJC_IMPLEMENTATIONS = YES;
				CLANG_WARN_DIRECT_OBJC_ISA_USAGE = YES_ERROR;
				CLANG_WARN_DOCUMENTATION_COMMENTS = YES;
				CLANG_WARN_EMPTY_BODY = YES;
				CLANG_WARN_ENUM_CONVERSION = YES;
				CLANG_WARN_INFINITE_RECURSION = YES;
				CLANG_WARN_INT_CONVERSION = YES;
				CLANG_WARN_NON_LITERAL_NULL_CONVERSION = YES;
				CLANG_WARN_OBJC_IMPLICIT_RETAIN_SELF = YES;
				CLANG_WARN_OBJC_LITERAL_CONVERSION = YES;
				CLANG_WARN_OBJC_ROOT_CLASS = YES_ERROR;
				CLANG_WARN_QUOTED_INCLUDE_IN_FRAMEWORK_HEADER = YES;
				CLANG_WARN_RANGE_LOOP_ANALYSIS = YES;
				CLANG_WARN_STRICT_PROTOTYPES = YES;
				CLANG_WARN_SUSPICIOUS_MOVE = YES;
				CLANG_WARN_UNGUARDED_AVAILABILITY = YES_AGGRESSIVE;
				CLANG_WARN_UNREACHABLE_CODE = YES;
				CLANG_WARN__DUPLICATE_METHOD_MATCH = YES;
				COPY_PHASE_STRIP = NO;
				DEBUG_INFORMATION_FORMAT = dwarf;
				ENABLE_STRICT_OBJC_MSGSEND = YES;
				ENABLE_TESTABILITY = YES;
				GCC_C_LANGUAGE_STANDARD = gnu11;
				GCC_DYNAMIC_NO_PIC = NO;
				GCC_NO_COMMON_BLOCKS = YES;
				GCC_OPTIMIZATION_LEVEL = 0;
				GCC_PREPROCESSOR_DEFINITIONS = (
					"DEBUG=1",
					"$(inherited)",
				);
				GCC_WARN_64_TO_32_BIT_CONVERSION = YES;
				GCC_WARN_ABOUT_RETURN_TYPE = YES_ERROR;
				GCC_WARN_UNDECLARED_SELECTOR = YES;
				GCC_WARN_UNINITIALIZED_AUTOS = YES_AGGRESSIVE;
				GCC_WARN_UNUSED_FUNCTION = YES;
				GCC_WARN_UNUSED_VARIABLE = YES;
				IPHONEOS_DEPLOYMENT_TARGET = 14.4;
				MTL_ENABLE_DEBUG_INFO = INCLUDE_SOURCE;
				MTL_FAST_MATH = YES;
				ONLY_ACTIVE_ARCH = YES;
				SDKROOT = iphoneos;
				SWIFT_ACTIVE_COMPILATION_CONDITIONS = DEBUG;
				SWIFT_OPTIMIZATION_LEVEL = "-Onone";
			};
			name = Debug;
		};
		C47A2AFC263C6CAE0045CBE6 /* Release */ = {
			isa = XCBuildConfiguration;
			buildSettings = {
				ALWAYS_SEARCH_USER_PATHS = NO;
				CLANG_ANALYZER_NONNULL = YES;
				CLANG_ANALYZER_NUMBER_OBJECT_CONVERSION = YES_AGGRESSIVE;
				CLANG_CXX_LANGUAGE_STANDARD = "gnu++14";
				CLANG_CXX_LIBRARY = "libc++";
				CLANG_ENABLE_MODULES = YES;
				CLANG_ENABLE_OBJC_ARC = YES;
				CLANG_ENABLE_OBJC_WEAK = YES;
				CLANG_WARN_BLOCK_CAPTURE_AUTORELEASING = YES;
				CLANG_WARN_BOOL_CONVERSION = YES;
				CLANG_WARN_COMMA = YES;
				CLANG_WARN_CONSTANT_CONVERSION = YES;
				CLANG_WARN_DEPRECATED_OBJC_IMPLEMENTATIONS = YES;
				CLANG_WARN_DIRECT_OBJC_ISA_USAGE = YES_ERROR;
				CLANG_WARN_DOCUMENTATION_COMMENTS = YES;
				CLANG_WARN_EMPTY_BODY = YES;
				CLANG_WARN_ENUM_CONVERSION = YES;
				CLANG_WARN_INFINITE_RECURSION = YES;
				CLANG_WARN_INT_CONVERSION = YES;
				CLANG_WARN_NON_LITERAL_NULL_CONVERSION = YES;
				CLANG_WARN_OBJC_IMPLICIT_RETAIN_SELF = YES;
				CLANG_WARN_OBJC_LITERAL_CONVERSION = YES;
				CLANG_WARN_OBJC_ROOT_CLASS = YES_ERROR;
				CLANG_WARN_QUOTED_INCLUDE_IN_FRAMEWORK_HEADER = YES;
				CLANG_WARN_RANGE_LOOP_ANALYSIS = YES;
				CLANG_WARN_STRICT_PROTOTYPES = YES;
				CLANG_WARN_SUSPICIOUS_MOVE = YES;
				CLANG_WARN_UNGUARDED_AVAILABILITY = YES_AGGRESSIVE;
				CLANG_WARN_UNREACHABLE_CODE = YES;
				CLANG_WARN__DUPLICATE_METHOD_MATCH = YES;
				COPY_PHASE_STRIP = NO;
				DEBUG_INFORMATION_FORMAT = "dwarf-with-dsym";
				ENABLE_NS_ASSERTIONS = NO;
				ENABLE_STRICT_OBJC_MSGSEND = YES;
				GCC_C_LANGUAGE_STANDARD = gnu11;
				GCC_NO_COMMON_BLOCKS = YES;
				GCC_WARN_64_TO_32_BIT_CONVERSION = YES;
				GCC_WARN_ABOUT_RETURN_TYPE = YES_ERROR;
				GCC_WARN_UNDECLARED_SELECTOR = YES;
				GCC_WARN_UNINITIALIZED_AUTOS = YES_AGGRESSIVE;
				GCC_WARN_UNUSED_FUNCTION = YES;
				GCC_WARN_UNUSED_VARIABLE = YES;
				IPHONEOS_DEPLOYMENT_TARGET = 14.4;
				MTL_ENABLE_DEBUG_INFO = NO;
				MTL_FAST_MATH = YES;
				SDKROOT = iphoneos;
				SWIFT_COMPILATION_MODE = wholemodule;
				SWIFT_OPTIMIZATION_LEVEL = "-O";
				VALIDATE_PRODUCT = YES;
			};
			name = Release;
		};
		C47A2AFE263C6CAE0045CBE6 /* Debug */ = {
			isa = XCBuildConfiguration;
			buildSettings = {
				ASSETCATALOG_COMPILER_APPICON_NAME = AppIcon;
				ASSETCATALOG_COMPILER_GLOBAL_ACCENT_COLOR_NAME = AccentColor;
				CODE_SIGN_STYLE = Automatic;
				DEVELOPMENT_TEAM = ZJP5R49QLR;
				INFOPLIST_FILE = "Question12-range-calculation/Info.plist";
				LD_RUNPATH_SEARCH_PATHS = (
					"$(inherited)",
					"@executable_path/Frameworks",
				);
				PRODUCT_BUNDLE_IDENTIFIER = "com.Question12-range-calculation";
				PRODUCT_NAME = "$(TARGET_NAME)";
				SWIFT_VERSION = 5.0;
				TARGETED_DEVICE_FAMILY = "1,2";
			};
			name = Debug;
		};
		C47A2AFF263C6CAE0045CBE6 /* Release */ = {
			isa = XCBuildConfiguration;
			buildSettings = {
				ASSETCATALOG_COMPILER_APPICON_NAME = AppIcon;
				ASSETCATALOG_COMPILER_GLOBAL_ACCENT_COLOR_NAME = AccentColor;
				CODE_SIGN_STYLE = Automatic;
				DEVELOPMENT_TEAM = ZJP5R49QLR;
				INFOPLIST_FILE = "Question12-range-calculation/Info.plist";
				LD_RUNPATH_SEARCH_PATHS = (
					"$(inherited)",
					"@executable_path/Frameworks",
				);
				PRODUCT_BUNDLE_IDENTIFIER = "com.Question12-range-calculation";
				PRODUCT_NAME = "$(TARGET_NAME)";
				SWIFT_VERSION = 5.0;
				TARGETED_DEVICE_FAMILY = "1,2";
			};
			name = Release;
		};
/* End XCBuildConfiguration section */

/* Begin XCConfigurationList section */
		C47A2AE4263C6CAE0045CBE6 /* Build configuration list for PBXProject "Question12-range-calculation" */ = {
			isa = XCConfigurationList;
			buildConfigurations = (
				C47A2AFB263C6CAE0045CBE6 /* Debug */,
				C47A2AFC263C6CAE0045CBE6 /* Release */,
			);
			defaultConfigurationIsVisible = 0;
			defaultConfigurationName = Release;
		};
		C47A2AFD263C6CAE0045CBE6 /* Build configuration list for PBXNativeTarget "Question12-range-calculation" */ = {
			isa = XCConfigurationList;
			buildConfigurations = (
				C47A2AFE263C6CAE0045CBE6 /* Debug */,
				C47A2AFF263C6CAE0045CBE6 /* Release */,
			);
			defaultConfigurationIsVisible = 0;
			defaultConfigurationName = Release;
		};
/* End XCConfigurationList section */
	};
	rootObject = C47A2AE1263C6CAE0045CBE6 /* Project object */;
}
