// !$*UTF8*$!
{
	archiveVersion = 1;
	classes = {
	};
	objectVersion = 50;
	objects = {

/* Begin PBXBuildFile section */
		C46BC3A2264418A400F6E656 /* AppDelegate.swift in Sources */ = {isa = PBXBuildFile; fileRef = C46BC3A1264418A400F6E656 /* AppDelegate.swift */; };
		C46BC3A4264418A400F6E656 /* SceneDelegate.swift in Sources */ = {isa = PBXBuildFile; fileRef = C46BC3A3264418A400F6E656 /* SceneDelegate.swift */; };
		C46BC3A6264418A400F6E656 /* ViewController.swift in Sources */ = {isa = PBXBuildFile; fileRef = C46BC3A5264418A400F6E656 /* ViewController.swift */; };
		C46BC3A9264418A400F6E656 /* Main.storyboard in Resources */ = {isa = PBXBuildFile; fileRef = C46BC3A7264418A400F6E656 /* Main.storyboard */; };
		C46BC3AB264418A500F6E656 /* Assets.xcassets in Resources */ = {isa = PBXBuildFile; fileRef = C46BC3AA264418A500F6E656 /* Assets.xcassets */; };
		C46BC3AE264418A500F6E656 /* LaunchScreen.storyboard in Resources */ = {isa = PBXBuildFile; fileRef = C46BC3AC264418A500F6E656 /* LaunchScreen.storyboard */; };
		C46BC3B7264436F700F6E656 /* BusSeatVC.swift in Sources */ = {isa = PBXBuildFile; fileRef = C46BC3B6264436F600F6E656 /* BusSeatVC.swift */; };
		C46BC3BA2644394900F6E656 /* SeatCVCell.swift in Sources */ = {isa = PBXBuildFile; fileRef = C46BC3B92644394900F6E656 /* SeatCVCell.swift */; };
		C46BC3BE26444FD400F6E656 /* User.swift in Sources */ = {isa = PBXBuildFile; fileRef = C46BC3BD26444FD400F6E656 /* User.swift */; };
		C46BC3C22644557C00F6E656 /* AlertExtension.swift in Sources */ = {isa = PBXBuildFile; fileRef = C46BC3C12644557C00F6E656 /* AlertExtension.swift */; };
		C46BC3C72644641A00F6E656 /* TicketVC.swift in Sources */ = {isa = PBXBuildFile; fileRef = C46BC3C62644641A00F6E656 /* TicketVC.swift */; };
/* End PBXBuildFile section */

/* Begin PBXFileReference section */
		C46BC39E264418A400F6E656 /* BusTicketBooking.app */ = {isa = PBXFileReference; explicitFileType = wrapper.application; includeInIndex = 0; path = BusTicketBooking.app; sourceTree = BUILT_PRODUCTS_DIR; };
		C46BC3A1264418A400F6E656 /* AppDelegate.swift */ = {isa = PBXFileReference; lastKnownFileType = sourcecode.swift; path = AppDelegate.swift; sourceTree = "<group>"; };
		C46BC3A3264418A400F6E656 /* SceneDelegate.swift */ = {isa = PBXFileReference; lastKnownFileType = sourcecode.swift; path = SceneDelegate.swift; sourceTree = "<group>"; };
		C46BC3A5264418A400F6E656 /* ViewController.swift */ = {isa = PBXFileReference; lastKnownFileType = sourcecode.swift; path = ViewController.swift; sourceTree = "<group>"; };
		C46BC3A8264418A400F6E656 /* Base */ = {isa = PBXFileReference; lastKnownFileType = file.storyboard; name = Base; path = Base.lproj/Main.storyboard; sourceTree = "<group>"; };
		C46BC3AA264418A500F6E656 /* Assets.xcassets */ = {isa = PBXFileReference; lastKnownFileType = folder.assetcatalog; path = Assets.xcassets; sourceTree = "<group>"; };
		C46BC3AD264418A500F6E656 /* Base */ = {isa = PBXFileReference; lastKnownFileType = file.storyboard; name = Base; path = Base.lproj/LaunchScreen.storyboard; sourceTree = "<group>"; };
		C46BC3AF264418A500F6E656 /* Info.plist */ = {isa = PBXFileReference; lastKnownFileType = text.plist.xml; path = Info.plist; sourceTree = "<group>"; };
		C46BC3B6264436F600F6E656 /* BusSeatVC.swift */ = {isa = PBXFileReference; lastKnownFileType = sourcecode.swift; path = BusSeatVC.swift; sourceTree = "<group>"; };
		C46BC3B92644394900F6E656 /* SeatCVCell.swift */ = {isa = PBXFileReference; lastKnownFileType = sourcecode.swift; path = SeatCVCell.swift; sourceTree = "<group>"; };
		C46BC3BD26444FD400F6E656 /* User.swift */ = {isa = PBXFileReference; lastKnownFileType = sourcecode.swift; path = User.swift; sourceTree = "<group>"; };
		C46BC3C12644557C00F6E656 /* AlertExtension.swift */ = {isa = PBXFileReference; lastKnownFileType = sourcecode.swift; path = AlertExtension.swift; sourceTree = "<group>"; };
		C46BC3C62644641A00F6E656 /* TicketVC.swift */ = {isa = PBXFileReference; lastKnownFileType = sourcecode.swift; path = TicketVC.swift; sourceTree = "<group>"; };
/* End PBXFileReference section */

/* Begin PBXFrameworksBuildPhase section */
		C46BC39B264418A400F6E656 /* Frameworks */ = {
			isa = PBXFrameworksBuildPhase;
			buildActionMask = 2147483647;
			files = (
			);
			runOnlyForDeploymentPostprocessing = 0;
		};
/* End PBXFrameworksBuildPhase section */

/* Begin PBXGroup section */
		C46BC395264418A400F6E656 = {
			isa = PBXGroup;
			children = (
				C46BC3A0264418A400F6E656 /* BusTicketBooking */,
				C46BC39F264418A400F6E656 /* Products */,
			);
			sourceTree = "<group>";
		};
		C46BC39F264418A400F6E656 /* Products */ = {
			isa = PBXGroup;
			children = (
				C46BC39E264418A400F6E656 /* BusTicketBooking.app */,
			);
			name = Products;
			sourceTree = "<group>";
		};
		C46BC3A0264418A400F6E656 /* BusTicketBooking */ = {
			isa = PBXGroup;
			children = (
				C46BC3C926446A2800F6E656 /* CustomCell */,
				C46BC3C4264455C800F6E656 /* View */,
				C46BC3C02644557000F6E656 /* Extension */,
				C46BC3BC26444F9900F6E656 /* Model */,
				C46BC3A1264418A400F6E656 /* AppDelegate.swift */,
				C46BC3A3264418A400F6E656 /* SceneDelegate.swift */,
				C46BC3A7264418A400F6E656 /* Main.storyboard */,
				C46BC3AA264418A500F6E656 /* Assets.xcassets */,
				C46BC3AC264418A500F6E656 /* LaunchScreen.storyboard */,
				C46BC3AF264418A500F6E656 /* Info.plist */,
			);
			path = BusTicketBooking;
			sourceTree = "<group>";
		};
		C46BC3BC26444F9900F6E656 /* Model */ = {
			isa = PBXGroup;
			children = (
				C46BC3BD26444FD400F6E656 /* User.swift */,
			);
			path = Model;
			sourceTree = "<group>";
		};
		C46BC3C02644557000F6E656 /* Extension */ = {
			isa = PBXGroup;
			children = (
				C46BC3C12644557C00F6E656 /* AlertExtension.swift */,
			);
			path = Extension;
			sourceTree = "<group>";
		};
		C46BC3C4264455C800F6E656 /* View */ = {
			isa = PBXGroup;
			children = (
				C46BC3A5264418A400F6E656 /* ViewController.swift */,
				C46BC3B6264436F600F6E656 /* BusSeatVC.swift */,
				C46BC3C62644641A00F6E656 /* TicketVC.swift */,
			);
			path = View;
			sourceTree = "<group>";
		};
		C46BC3C926446A2800F6E656 /* CustomCell */ = {
			isa = PBXGroup;
			children = (
				C46BC3B92644394900F6E656 /* SeatCVCell.swift */,
			);
			path = CustomCell;
			sourceTree = "<group>";
		};
/* End PBXGroup section */

/* Begin PBXNativeTarget section */
		C46BC39D264418A400F6E656 /* BusTicketBooking */ = {
			isa = PBXNativeTarget;
			buildConfigurationList = C46BC3B2264418A500F6E656 /* Build configuration list for PBXNativeTarget "BusTicketBooking" */;
			buildPhases = (
				C46BC39A264418A400F6E656 /* Sources */,
				C46BC39B264418A400F6E656 /* Frameworks */,
				C46BC39C264418A400F6E656 /* Resources */,
			);
			buildRules = (
			);
			dependencies = (
			);
			name = BusTicketBooking;
			productName = BusTicketBooking;
			productReference = C46BC39E264418A400F6E656 /* BusTicketBooking.app */;
			productType = "com.apple.product-type.application";
		};
/* End PBXNativeTarget section */

/* Begin PBXProject section */
		C46BC396264418A400F6E656 /* Project object */ = {
			isa = PBXProject;
			attributes = {
				LastSwiftUpdateCheck = 1240;
				LastUpgradeCheck = 1240;
				TargetAttributes = {
					C46BC39D264418A400F6E656 = {
						CreatedOnToolsVersion = 12.4;
					};
				};
			};
			buildConfigurationList = C46BC399264418A400F6E656 /* Build configuration list for PBXProject "BusTicketBooking" */;
			compatibilityVersion = "Xcode 9.3";
			developmentRegion = en;
			hasScannedForEncodings = 0;
			knownRegions = (
				en,
				Base,
			);
			mainGroup = C46BC395264418A400F6E656;
			productRefGroup = C46BC39F264418A400F6E656 /* Products */;
			projectDirPath = "";
			projectRoot = "";
			targets = (
				C46BC39D264418A400F6E656 /* BusTicketBooking */,
			);
		};
/* End PBXProject section */

/* Begin PBXResourcesBuildPhase section */
		C46BC39C264418A400F6E656 /* Resources */ = {
			isa = PBXResourcesBuildPhase;
			buildActionMask = 2147483647;
			files = (
				C46BC3AE264418A500F6E656 /* LaunchScreen.storyboard in Resources */,
				C46BC3AB264418A500F6E656 /* Assets.xcassets in Resources */,
				C46BC3A9264418A400F6E656 /* Main.storyboard in Resources */,
			);
			runOnlyForDeploymentPostprocessing = 0;
		};
/* End PBXResourcesBuildPhase section */

/* Begin PBXSourcesBuildPhase section */
		C46BC39A264418A400F6E656 /* Sources */ = {
			isa = PBXSourcesBuildPhase;
			buildActionMask = 2147483647;
			files = (
				C46BC3BA2644394900F6E656 /* SeatCVCell.swift in Sources */,
				C46BC3A6264418A400F6E656 /* ViewController.swift in Sources */,
				C46BC3BE26444FD400F6E656 /* User.swift in Sources */,
				C46BC3A2264418A400F6E656 /* AppDelegate.swift in Sources */,
				C46BC3B7264436F700F6E656 /* BusSeatVC.swift in Sources */,
				C46BC3A4264418A400F6E656 /* SceneDelegate.swift in Sources */,
				C46BC3C72644641A00F6E656 /* TicketVC.swift in Sources */,
				C46BC3C22644557C00F6E656 /* AlertExtension.swift in Sources */,
			);
			runOnlyForDeploymentPostprocessing = 0;
		};
/* End PBXSourcesBuildPhase section */

/* Begin PBXVariantGroup section */
		C46BC3A7264418A400F6E656 /* Main.storyboard */ = {
			isa = PBXVariantGroup;
			children = (
				C46BC3A8264418A400F6E656 /* Base */,
			);
			name = Main.storyboard;
			sourceTree = "<group>";
		};
		C46BC3AC264418A500F6E656 /* LaunchScreen.storyboard */ = {
			isa = PBXVariantGroup;
			children = (
				C46BC3AD264418A500F6E656 /* Base */,
			);
			name = LaunchScreen.storyboard;
			sourceTree = "<group>";
		};
/* End PBXVariantGroup section */

/* Begin XCBuildConfiguration section */
		C46BC3B0264418A500F6E656 /* Debug */ = {
			isa = XCBuildConfiguration;
			buildSettings = {
				ALWAYS_SEARCH_USER_PATHS = NO;
				CLANG_ANALYZER_NONNULL = YES;
				CLANG_ANALYZER_NUMBER_OBJECT_CONVERSION = YES_AGGRESSIVE;
				CLANG_CXX_LANGUAGE_STANDARD = "gnu++14";
				CLANG_CXX_LIBRARY = "libc++";
				CLANG_ENABLE_MODULES = YES;
				CLANG_ENABLE_OBJC_ARC = YES;
				CLANG_ENABLE_OBJC_WEAK = YES;
				CLANG_WARN_BLOCK_CAPTURE_AUTORELEASING = YES;
				CLANG_WARN_BOOL_CONVERSION = YES;
				CLANG_WARN_COMMA = YES;
				CLANG_WARN_CONSTANT_CONVERSION = YES;
				CLANG_WARN_DEPRECATED_OBJC_IMPLEMENTATIONS = YES;
				CLANG_WARN_DIRECT_OBJC_ISA_USAGE = YES_ERROR;
				CLANG_WARN_DOCUMENTATION_COMMENTS = YES;
				CLANG_WARN_EMPTY_BODY = YES;
				CLANG_WARN_ENUM_CONVERSION = YES;
				CLANG_WARN_INFINITE_RECURSION = YES;
				CLANG_WARN_INT_CONVERSION = YES;
				CLANG_WARN_NON_LITERAL_NULL_CONVERSION = YES;
				CLANG_WARN_OBJC_IMPLICIT_RETAIN_SELF = YES;
				CLANG_WARN_OBJC_LITERAL_CONVERSION = YES;
				CLANG_WARN_OBJC_ROOT_CLASS = YES_ERROR;
				CLANG_WARN_QUOTED_INCLUDE_IN_FRAMEWORK_HEADER = YES;
				CLANG_WARN_RANGE_LOOP_ANALYSIS = YES;
				CLANG_WARN_STRICT_PROTOTYPES = YES;
				CLANG_WARN_SUSPICIOUS_MOVE = YES;
				CLANG_WARN_UNGUARDED_AVAILABILITY = YES_AGGRESSIVE;
				CLANG_WARN_UNREACHABLE_CODE = YES;
				CLANG_WARN__DUPLICATE_METHOD_MATCH = YES;
				COPY_PHASE_STRIP = NO;
				DEBUG_INFORMATION_FORMAT = dwarf;
				ENABLE_STRICT_OBJC_MSGSEND = YES;
				ENABLE_TESTABILITY = YES;
				GCC_C_LANGUAGE_STANDARD = gnu11;
				GCC_DYNAMIC_NO_PIC = NO;
				GCC_NO_COMMON_BLOCKS = YES;
				GCC_OPTIMIZATION_LEVEL = 0;
				GCC_PREPROCESSOR_DEFINITIONS = (
					"DEBUG=1",
					"$(inherited)",
				);
				GCC_WARN_64_TO_32_BIT_CONVERSION = YES;
				GCC_WARN_ABOUT_RETURN_TYPE = YES_ERROR;
				GCC_WARN_UNDECLARED_SELECTOR = YES;
				GCC_WARN_UNINITIALIZED_AUTOS = YES_AGGRESSIVE;
				GCC_WARN_UNUSED_FUNCTION = YES;
				GCC_WARN_UNUSED_VARIABLE = YES;
				IPHONEOS_DEPLOYMENT_TARGET = 14.4;
				MTL_ENABLE_DEBUG_INFO = INCLUDE_SOURCE;
				MTL_FAST_MATH = YES;
				ONLY_ACTIVE_ARCH = YES;
				SDKROOT = iphoneos;
				SWIFT_ACTIVE_COMPILATION_CONDITIONS = DEBUG;
				SWIFT_OPTIMIZATION_LEVEL = "-Onone";
			};
			name = Debug;
		};
		C46BC3B1264418A500F6E656 /* Release */ = {
			isa = XCBuildConfiguration;
			buildSettings = {
				ALWAYS_SEARCH_USER_PATHS = NO;
				CLANG_ANALYZER_NONNULL = YES;
				CLANG_ANALYZER_NUMBER_OBJECT_CONVERSION = YES_AGGRESSIVE;
				CLANG_CXX_LANGUAGE_STANDARD = "gnu++14";
				CLANG_CXX_LIBRARY = "libc++";
				CLANG_ENABLE_MODULES = YES;
				CLANG_ENABLE_OBJC_ARC = YES;
				CLANG_ENABLE_OBJC_WEAK = YES;
				CLANG_WARN_BLOCK_CAPTURE_AUTORELEASING = YES;
				CLANG_WARN_BOOL_CONVERSION = YES;
				CLANG_WARN_COMMA = YES;
				CLANG_WARN_CONSTANT_CONVERSION = YES;
				CLANG_WARN_DEPRECATED_OBJC_IMPLEMENTATIONS = YES;
				CLANG_WARN_DIRECT_OBJC_ISA_USAGE = YES_ERROR;
				CLANG_WARN_DOCUMENTATION_COMMENTS = YES;
				CLANG_WARN_EMPTY_BODY = YES;
				CLANG_WARN_ENUM_CONVERSION = YES;
				CLANG_WARN_INFINITE_RECURSION = YES;
				CLANG_WARN_INT_CONVERSION = YES;
				CLANG_WARN_NON_LITERAL_NULL_CONVERSION = YES;
				CLANG_WARN_OBJC_IMPLICIT_RETAIN_SELF = YES;
				CLANG_WARN_OBJC_LITERAL_CONVERSION = YES;
				CLANG_WARN_OBJC_ROOT_CLASS = YES_ERROR;
				CLANG_WARN_QUOTED_INCLUDE_IN_FRAMEWORK_HEADER = YES;
				CLANG_WARN_RANGE_LOOP_ANALYSIS = YES;
				CLANG_WARN_STRICT_PROTOTYPES = YES;
				CLANG_WARN_SUSPICIOUS_MOVE = YES;
				CLANG_WARN_UNGUARDED_AVAILABILITY = YES_AGGRESSIVE;
				CLANG_WARN_UNREACHABLE_CODE = YES;
				CLANG_WARN__DUPLICATE_METHOD_MATCH = YES;
				COPY_PHASE_STRIP = NO;
				DEBUG_INFORMATION_FORMAT = "dwarf-with-dsym";
				ENABLE_NS_ASSERTIONS = NO;
				ENABLE_STRICT_OBJC_MSGSEND = YES;
				GCC_C_LANGUAGE_STANDARD = gnu11;
				GCC_NO_COMMON_BLOCKS = YES;
				GCC_WARN_64_TO_32_BIT_CONVERSION = YES;
				GCC_WARN_ABOUT_RETURN_TYPE = YES_ERROR;
				GCC_WARN_UNDECLARED_SELECTOR = YES;
				GCC_WARN_UNINITIALIZED_AUTOS = YES_AGGRESSIVE;
				GCC_WARN_UNUSED_FUNCTION = YES;
				GCC_WARN_UNUSED_VARIABLE = YES;
				IPHONEOS_DEPLOYMENT_TARGET = 14.4;
				MTL_ENABLE_DEBUG_INFO = NO;
				MTL_FAST_MATH = YES;
				SDKROOT = iphoneos;
				SWIFT_COMPILATION_MODE = wholemodule;
				SWIFT_OPTIMIZATION_LEVEL = "-O";
				VALIDATE_PRODUCT = YES;
			};
			name = Release;
		};
		C46BC3B3264418A500F6E656 /* Debug */ = {
			isa = XCBuildConfiguration;
			buildSettings = {
				ASSETCATALOG_COMPILER_APPICON_NAME = AppIcon;
				ASSETCATALOG_COMPILER_GLOBAL_ACCENT_COLOR_NAME = AccentColor;
				CODE_SIGN_STYLE = Automatic;
				DEVELOPMENT_TEAM = ZJP5R49QLR;
				INFOPLIST_FILE = BusTicketBooking/Info.plist;
				LD_RUNPATH_SEARCH_PATHS = (
					"$(inherited)",
					"@executable_path/Frameworks",
				);
				PRODUCT_BUNDLE_IDENTIFIER = com.BusTicketBooking;
				PRODUCT_NAME = "$(TARGET_NAME)";
				SWIFT_VERSION = 5.0;
				TARGETED_DEVICE_FAMILY = "1,2";
			};
			name = Debug;
		};
		C46BC3B4264418A500F6E656 /* Release */ = {
			isa = XCBuildConfiguration;
			buildSettings = {
				ASSETCATALOG_COMPILER_APPICON_NAME = AppIcon;
				ASSETCATALOG_COMPILER_GLOBAL_ACCENT_COLOR_NAME = AccentColor;
				CODE_SIGN_STYLE = Automatic;
				DEVELOPMENT_TEAM = ZJP5R49QLR;
				INFOPLIST_FILE = BusTicketBooking/Info.plist;
				LD_RUNPATH_SEARCH_PATHS = (
					"$(inherited)",
					"@executable_path/Frameworks",
				);
				PRODUCT_BUNDLE_IDENTIFIER = com.BusTicketBooking;
				PRODUCT_NAME = "$(TARGET_NAME)";
				SWIFT_VERSION = 5.0;
				TARGETED_DEVICE_FAMILY = "1,2";
			};
			name = Release;
		};
/* End XCBuildConfiguration section */

/* Begin XCConfigurationList section */
		C46BC399264418A400F6E656 /* Build configuration list for PBXProject "BusTicketBooking" */ = {
			isa = XCConfigurationList;
			buildConfigurations = (
				C46BC3B0264418A500F6E656 /* Debug */,
				C46BC3B1264418A500F6E656 /* Release */,
			);
			defaultConfigurationIsVisible = 0;
			defaultConfigurationName = Release;
		};
		C46BC3B2264418A500F6E656 /* Build configuration list for PBXNativeTarget "BusTicketBooking" */ = {
			isa = XCConfigurationList;
			buildConfigurations = (
				C46BC3B3264418A500F6E656 /* Debug */,
				C46BC3B4264418A500F6E656 /* Release */,
			);
			defaultConfigurationIsVisible = 0;
			defaultConfigurationName = Release;
		};
/* End XCConfigurationList section */
	};
	rootObject = C46BC396264418A400F6E656 /* Project object */;
}
